
Microsoft Visual Studio Solution File, Format Version 12.00
# Visual Studio Version 17
VisualStudioVersion = 17.12.35514.174 d17.12
MinimumVisualStudioVersion = 10.0.40219.1
Project("{FAE04EC0-301F-11D3-BF4B-00C04F79EFBC}") = "TechLibray.Api", "TechLibray.Api\TechLibray.Api.csproj", "{A6E76BB5-0198-45C2-9082-4E4EC4119EA0}"
EndProject
Project("{FAE04EC0-301F-11D3-BF4B-00C04F79EFBC}") = "TechLibrary.Communication", "TechLibrary.Communication\TechLibrary.Communication.csproj", "{2DBA3428-FB4A-4BBE-B0AA-26C0EB3AF49A}"
EndProject
Project("{FAE04EC0-301F-11D3-BF4B-00C04F79EFBC}") = "TechLibrary.Exception", "TechLibrary.Exception\TechLibrary.Exception.csproj", "{FF86DB45-5F3C-41BF-866D-27E686D843E2}"
EndProject
Global
	GlobalSection(SolutionConfigurationPlatforms) = preSolution
		Debug|Any CPU = Debug|Any CPU
		Release|Any CPU = Release|Any CPU
	EndGlobalSection
	GlobalSection(ProjectConfigurationPlatforms) = postSolution
		{A6E76BB5-0198-45C2-9082-4E4EC4119EA0}.Debug|Any CPU.ActiveCfg = Debug|Any CPU
		{A6E76BB5-0198-45C2-9082-4E4EC4119EA0}.Debug|Any CPU.Build.0 = Debug|Any CPU
		{A6E76BB5-0198-45C2-9082-4E4EC4119EA0}.Release|Any CPU.ActiveCfg = Release|Any CPU
		{A6E76BB5-0198-45C2-9082-4E4EC4119EA0}.Release|Any CPU.Build.0 = Release|Any CPU
		{2DBA3428-FB4A-4BBE-B0AA-26C0EB3AF49A}.Debug|Any CPU.ActiveCfg = Debug|Any CPU
		{2DBA3428-FB4A-4BBE-B0AA-26C0EB3AF49A}.Debug|Any CPU.Build.0 = Debug|Any CPU
		{2DBA3428-FB4A-4BBE-B0AA-26C0EB3AF49A}.Release|Any CPU.ActiveCfg = Release|Any CPU
		{2DBA3428-FB4A-4BBE-B0AA-26C0EB3AF49A}.Release|Any CPU.Build.0 = Release|Any CPU
		{FF86DB45-5F3C-41BF-866D-27E686D843E2}.Debug|Any CPU.ActiveCfg = Debug|Any CPU
		{FF86DB45-5F3C-41BF-866D-27E686D843E2}.Debug|Any CPU.Build.0 = Debug|Any CPU
		{FF86DB45-5F3C-41BF-866D-27E686D843E2}.Release|Any CPU.ActiveCfg = Release|Any CPU
		{FF86DB45-5F3C-41BF-866D-27E686D843E2}.Release|Any CPU.Build.0 = Release|Any CPU
	EndGlobalSection
	GlobalSection(SolutionProperties) = preSolution
		HideSolutionNode = FALSE
	EndGlobalSection
EndGlobal
